
Microsoft Visual Studio Solution File, Format Version 12.00
# Visual Studio Version 16
VisualStudioVersion = 16.0.33214.272
MinimumVisualStudioVersion = 10.0.40219.1
Project("{FAE04EC0-301F-11D3-BF4B-00C04F79EFBC}") = "KycApplication", "KycApplication\KycApplication.csproj", "{94564A3F-A22D-4511-9C07-7FEF7B013588}"
EndProject
Global
	GlobalSection(SolutionConfigurationPlatforms) = preSolution
		Debug|Any CPU = Debug|Any CPU
		Release|Any CPU = Release|Any CPU
	EndGlobalSection
	GlobalSection(ProjectConfigurationPlatforms) = postSolution
		{94564A3F-A22D-4511-9C07-7FEF7B013588}.Debug|Any CPU.ActiveCfg = Debug|Any CPU
		{94564A3F-A22D-4511-9C07-7FEF7B013588}.Debug|Any CPU.Build.0 = Debug|Any CPU
		{94564A3F-A22D-4511-9C07-7FEF7B013588}.Release|Any CPU.ActiveCfg = Release|Any CPU
		{94564A3F-A22D-4511-9C07-7FEF7B013588}.Release|Any CPU.Build.0 = Release|Any CPU
	EndGlobalSection
	GlobalSection(SolutionProperties) = preSolution
		HideSolutionNode = FALSE
	EndGlobalSection
	GlobalSection(ExtensibilityGlobals) = postSolution
		SolutionGuid = {9A3180F3-955C-4FA9-BFDC-700F120F8E3F}
	EndGlobalSection
EndGlobal
